
Microsoft Visual Studio Solution File, Format Version 12.00
# Visual Studio 15
VisualStudioVersion = 15.0.27703.2035
MinimumVisualStudioVersion = 10.0.40219.1
Project("{9A19103F-16F7-4668-BE54-9A1E7A4F7556}") = "Demo.Business", "Demo.Business\Demo.Business.csproj", "{6EF45891-B9D2-455C-8003-914D5D6FD6DE}"
EndProject
Project("{9A19103F-16F7-4668-BE54-9A1E7A4F7556}") = "Demo.Common", "Demo.Common\Demo.Common.csproj", "{0E30334F-A4A3-4EBD-AD2D-47E8526128FC}"
EndProject
Project("{9A19103F-16F7-4668-BE54-9A1E7A4F7556}") = "Demo.Test", "Demo.Test\Demo.Test.csproj", "{6DD7FC40-8CBF-42E6-A63E-09B6B24AB378}"
EndProject
Project("{FAE04EC0-301F-11D3-BF4B-00C04F79EFBC}") = "Demo.App2", "Demo.App2\Demo.App2.csproj", "{EADA3529-4375-40AB-9D5C-E1CEAC0C49C4}"
EndProject
Global
	GlobalSection(SolutionConfigurationPlatforms) = preSolution
		Debug|Any CPU = Debug|Any CPU
		Release|Any CPU = Release|Any CPU
	EndGlobalSection
	GlobalSection(ProjectConfigurationPlatforms) = postSolution
		{6EF45891-B9D2-455C-8003-914D5D6FD6DE}.Debug|Any CPU.ActiveCfg = Debug|Any CPU
		{6EF45891-B9D2-455C-8003-914D5D6FD6DE}.Debug|Any CPU.Build.0 = Debug|Any CPU
		{6EF45891-B9D2-455C-8003-914D5D6FD6DE}.Release|Any CPU.ActiveCfg = Release|Any CPU
		{6EF45891-B9D2-455C-8003-914D5D6FD6DE}.Release|Any CPU.Build.0 = Release|Any CPU
		{0E30334F-A4A3-4EBD-AD2D-47E8526128FC}.Debug|Any CPU.ActiveCfg = Debug|Any CPU
		{0E30334F-A4A3-4EBD-AD2D-47E8526128FC}.Debug|Any CPU.Build.0 = Debug|Any CPU
		{0E30334F-A4A3-4EBD-AD2D-47E8526128FC}.Release|Any CPU.ActiveCfg = Release|Any CPU
		{0E30334F-A4A3-4EBD-AD2D-47E8526128FC}.Release|Any CPU.Build.0 = Release|Any CPU
		{6DD7FC40-8CBF-42E6-A63E-09B6B24AB378}.Debug|Any CPU.ActiveCfg = Debug|Any CPU
		{6DD7FC40-8CBF-42E6-A63E-09B6B24AB378}.Debug|Any CPU.Build.0 = Debug|Any CPU
		{6DD7FC40-8CBF-42E6-A63E-09B6B24AB378}.Release|Any CPU.ActiveCfg = Release|Any CPU
		{6DD7FC40-8CBF-42E6-A63E-09B6B24AB378}.Release|Any CPU.Build.0 = Release|Any CPU
		{EADA3529-4375-40AB-9D5C-E1CEAC0C49C4}.Debug|Any CPU.ActiveCfg = Debug|Any CPU
		{EADA3529-4375-40AB-9D5C-E1CEAC0C49C4}.Debug|Any CPU.Build.0 = Debug|Any CPU
		{EADA3529-4375-40AB-9D5C-E1CEAC0C49C4}.Release|Any CPU.ActiveCfg = Release|Any CPU
		{EADA3529-4375-40AB-9D5C-E1CEAC0C49C4}.Release|Any CPU.Build.0 = Release|Any CPU
	EndGlobalSection
	GlobalSection(SolutionProperties) = preSolution
		HideSolutionNode = FALSE
	EndGlobalSection
	GlobalSection(ExtensibilityGlobals) = postSolution
		SolutionGuid = {779069C8-1726-4ECF-9B94-921A51AC03E4}
	EndGlobalSection
EndGlobal
